
Microsoft Visual Studio Solution File, Format Version 12.00
# Visual Studio Version 17
VisualStudioVersion = 17.11.35327.3
MinimumVisualStudioVersion = 10.0.40219.1
Project("{FAE04EC0-301F-11D3-BF4B-00C04F79EFBC}") = "DI_ExampleWithWeatherApp", "DI_ExampleWithWeatherApp.csproj", "{9C638CEA-4A95-4E70-902F-604227BF2C65}"
EndProject
Global
	GlobalSection(SolutionConfigurationPlatforms) = preSolution
		Debug|Any CPU = Debug|Any CPU
		Release|Any CPU = Release|Any CPU
	EndGlobalSection
	GlobalSection(ProjectConfigurationPlatforms) = postSolution
		{9C638CEA-4A95-4E70-902F-604227BF2C65}.Debug|Any CPU.ActiveCfg = Debug|Any CPU
		{9C638CEA-4A95-4E70-902F-604227BF2C65}.Debug|Any CPU.Build.0 = Debug|Any CPU
		{9C638CEA-4A95-4E70-902F-604227BF2C65}.Release|Any CPU.ActiveCfg = Release|Any CPU
		{9C638CEA-4A95-4E70-902F-604227BF2C65}.Release|Any CPU.Build.0 = Release|Any CPU
	EndGlobalSection
	GlobalSection(SolutionProperties) = preSolution
		HideSolutionNode = FALSE
	EndGlobalSection
	GlobalSection(ExtensibilityGlobals) = postSolution
		SolutionGuid = {393D9A60-B41F-448F-BBE5-3AD1D5D32BE3}
	EndGlobalSection
EndGlobal
